
Microsoft Visual Studio Solution File, Format Version 12.00
# Visual Studio 15
VisualStudioVersion = 15.0.27130.2026
MinimumVisualStudioVersion = 10.0.40219.1
Project("{FAE04EC0-301F-11D3-BF4B-00C04F79EFBC}") = "jwt_api_error", "jwt\jwt_api_error.csproj", "{498670CC-339C-43F9-ABA1-BA0BBE77791D}"
EndProject
Project("{FAE04EC0-301F-11D3-BF4B-00C04F79EFBC}") = "jwt_console", "jwt_console\jwt_console.csproj", "{094C2316-3AA9-4FA9-8DAC-1002F7399013}"
EndProject
Project("{FAE04EC0-301F-11D3-BF4B-00C04F79EFBC}") = "jwt_api", "jwt_api\jwt_api.csproj", "{27D2528C-E05C-48D2-A75D-CE983B3F9ADA}"
EndProject
Global
	GlobalSection(SolutionConfigurationPlatforms) = preSolution
		Debug|Any CPU = Debug|Any CPU
		Release|Any CPU = Release|Any CPU
	EndGlobalSection
	GlobalSection(ProjectConfigurationPlatforms) = postSolution
		{498670CC-339C-43F9-ABA1-BA0BBE77791D}.Debug|Any CPU.ActiveCfg = Debug|Any CPU
		{498670CC-339C-43F9-ABA1-BA0BBE77791D}.Debug|Any CPU.Build.0 = Debug|Any CPU
		{498670CC-339C-43F9-ABA1-BA0BBE77791D}.Release|Any CPU.ActiveCfg = Release|Any CPU
		{498670CC-339C-43F9-ABA1-BA0BBE77791D}.Release|Any CPU.Build.0 = Release|Any CPU
		{094C2316-3AA9-4FA9-8DAC-1002F7399013}.Debug|Any CPU.ActiveCfg = Debug|Any CPU
		{094C2316-3AA9-4FA9-8DAC-1002F7399013}.Debug|Any CPU.Build.0 = Debug|Any CPU
		{094C2316-3AA9-4FA9-8DAC-1002F7399013}.Release|Any CPU.ActiveCfg = Release|Any CPU
		{094C2316-3AA9-4FA9-8DAC-1002F7399013}.Release|Any CPU.Build.0 = Release|Any CPU
		{27D2528C-E05C-48D2-A75D-CE983B3F9ADA}.Debug|Any CPU.ActiveCfg = Debug|Any CPU
		{27D2528C-E05C-48D2-A75D-CE983B3F9ADA}.Debug|Any CPU.Build.0 = Debug|Any CPU
		{27D2528C-E05C-48D2-A75D-CE983B3F9ADA}.Release|Any CPU.ActiveCfg = Release|Any CPU
		{27D2528C-E05C-48D2-A75D-CE983B3F9ADA}.Release|Any CPU.Build.0 = Release|Any CPU
	EndGlobalSection
	GlobalSection(SolutionProperties) = preSolution
		HideSolutionNode = FALSE
	EndGlobalSection
	GlobalSection(ExtensibilityGlobals) = postSolution
		SolutionGuid = {457802B7-3566-415F-8D37-08CAE6BD7E3E}
	EndGlobalSection
EndGlobal
